{
    "_meta": {
        "hash": {
            "sha256": "3512c7d8dec8f5f9ff690803db5bf5a638470e580349744964d0ce639312a123"
        },
        "host-environment-markers": {
            "implementation_name": "cpython",
            "implementation_version": "3.6.4",
            "os_name": "posix",
            "platform_machine": "x86_64",
            "platform_python_implementation": "CPython",
            "platform_release": "4.10.2-041002-generic",
            "platform_system": "Linux",
            "platform_version": "#201703120131 SMP Sun Mar 12 06:33:34 UTC 2017",
            "python_full_version": "3.6.4",
            "python_version": "3.6",
            "sys_platform": "linux"
        },
        "pipfile-spec": 6,
        "requires": {},
        "sources": [
            {
                "name": "pypi",
                "url": "https://pypi.python.org/simple",
                "verify_ssl": true
            }
        ]
    },
    "default": {
        "django": {
            "hashes": [
                "sha256:4541a60834f28f308ee7b6e96400feca905fb0de473eb9dad6847e98a36d86d4",
                "sha256:0db89374b691b9c8b057632a6cd64b18d08db2f4d63b4d4af6024267ab965f8b"
            ],
            "version": "==1.10.5"
        },
        "gunicorn": {
            "hashes": [
                "sha256:75af03c99389535f218cc596c7de74df4763803f7b63eb09d77e92b3956b36c6",
                "sha256:eee1169f0ca667be05db3351a0960765620dad53f53434262ff8901b68a1b622"
            ],
            "version": "==19.7.1"
        }
    },
    "develop": {}
}
